<?xml version="1.0" encoding="UTF-8"?>
<CodeBlocks_project_file>
	<FileVersion major="1" minor="6"/>
	<Project>
		<Option title="typed_scheme"/>
		<Option makefile_is_custom="1"/>
		<Option compiler="gcc"/>
		<Option virtualFolders="CMake Files\;"/>
		<Build>
			<Target title="all">
				<Option working_dir="/Users/bytedance/CLionProjects/typed-scheme"/>
				<Option type="4"/>
				<MakeCommands>
					<Build command="/usr/bin/make -f &quot;/Users/bytedance/CLionProjects/typed-scheme/Makefile&quot;  VERBOSE=1 all"/>
					<CompileFile command="/usr/bin/make -f &quot;/Users/bytedance/CLionProjects/typed-scheme/Makefile&quot;  VERBOSE=1 &quot;$file&quot;"/>
					<Clean command="/usr/bin/make -f &quot;/Users/bytedance/CLionProjects/typed-scheme/Makefile&quot;  VERBOSE=1 clean"/>
					<DistClean command="/usr/bin/make -f &quot;/Users/bytedance/CLionProjects/typed-scheme/Makefile&quot;  VERBOSE=1 clean"/>
				</MakeCommands>
			</Target>
			<Target title="rebuild_cache">
				<Option working_dir="/Users/bytedance/CLionProjects/typed-scheme"/>
				<Option type="4"/>
				<MakeCommands>
					<Build command="/usr/bin/make -f &quot;/Users/bytedance/CLionProjects/typed-scheme/Makefile&quot;  VERBOSE=1 rebuild_cache"/>
					<CompileFile command="/usr/bin/make -f &quot;/Users/bytedance/CLionProjects/typed-scheme/Makefile&quot;  VERBOSE=1 &quot;$file&quot;"/>
					<Clean command="/usr/bin/make -f &quot;/Users/bytedance/CLionProjects/typed-scheme/Makefile&quot;  VERBOSE=1 clean"/>
					<DistClean command="/usr/bin/make -f &quot;/Users/bytedance/CLionProjects/typed-scheme/Makefile&quot;  VERBOSE=1 clean"/>
				</MakeCommands>
			</Target>
			<Target title="edit_cache">
				<Option working_dir="/Users/bytedance/CLionProjects/typed-scheme"/>
				<Option type="4"/>
				<MakeCommands>
					<Build command="/usr/bin/make -f &quot;/Users/bytedance/CLionProjects/typed-scheme/Makefile&quot;  VERBOSE=1 edit_cache"/>
					<CompileFile command="/usr/bin/make -f &quot;/Users/bytedance/CLionProjects/typed-scheme/Makefile&quot;  VERBOSE=1 &quot;$file&quot;"/>
					<Clean command="/usr/bin/make -f &quot;/Users/bytedance/CLionProjects/typed-scheme/Makefile&quot;  VERBOSE=1 clean"/>
					<DistClean command="/usr/bin/make -f &quot;/Users/bytedance/CLionProjects/typed-scheme/Makefile&quot;  VERBOSE=1 clean"/>
				</MakeCommands>
			</Target>
			<Target title="typed_scheme">
				<Option output="/Users/bytedance/CLionProjects/typed-scheme/typed_scheme" prefix_auto="0" extension_auto="0"/>
				<Option working_dir="/Users/bytedance/CLionProjects/typed-scheme"/>
				<Option object_output="./"/>
				<Option type="1"/>
				<Option compiler="gcc"/>
				<Compiler>
					<Add directory="/usr/local/Cellar/boost/1.72.0/include"/>
				</Compiler>
				<MakeCommands>
					<Build command="/usr/bin/make -f &quot;/Users/bytedance/CLionProjects/typed-scheme/Makefile&quot;  VERBOSE=1 typed_scheme"/>
					<CompileFile command="/usr/bin/make -f &quot;/Users/bytedance/CLionProjects/typed-scheme/Makefile&quot;  VERBOSE=1 &quot;$file&quot;"/>
					<Clean command="/usr/bin/make -f &quot;/Users/bytedance/CLionProjects/typed-scheme/Makefile&quot;  VERBOSE=1 clean"/>
					<DistClean command="/usr/bin/make -f &quot;/Users/bytedance/CLionProjects/typed-scheme/Makefile&quot;  VERBOSE=1 clean"/>
				</MakeCommands>
			</Target>
			<Target title="typed_scheme/fast">
				<Option output="/Users/bytedance/CLionProjects/typed-scheme/typed_scheme" prefix_auto="0" extension_auto="0"/>
				<Option working_dir="/Users/bytedance/CLionProjects/typed-scheme"/>
				<Option object_output="./"/>
				<Option type="1"/>
				<Option compiler="gcc"/>
				<Compiler>
					<Add directory="/usr/local/Cellar/boost/1.72.0/include"/>
				</Compiler>
				<MakeCommands>
					<Build command="/usr/bin/make -f &quot;/Users/bytedance/CLionProjects/typed-scheme/Makefile&quot;  VERBOSE=1 typed_scheme/fast"/>
					<CompileFile command="/usr/bin/make -f &quot;/Users/bytedance/CLionProjects/typed-scheme/Makefile&quot;  VERBOSE=1 &quot;$file&quot;"/>
					<Clean command="/usr/bin/make -f &quot;/Users/bytedance/CLionProjects/typed-scheme/Makefile&quot;  VERBOSE=1 clean"/>
					<DistClean command="/usr/bin/make -f &quot;/Users/bytedance/CLionProjects/typed-scheme/Makefile&quot;  VERBOSE=1 clean"/>
				</MakeCommands>
			</Target>
			<Target title="main">
				<Option output="/Users/bytedance/CLionProjects/typed-scheme/main" prefix_auto="0" extension_auto="0"/>
				<Option working_dir="/Users/bytedance/CLionProjects/typed-scheme"/>
				<Option object_output="./"/>
				<Option type="1"/>
				<Option compiler="gcc"/>
				<Compiler>
					<Add directory="/usr/local/Cellar/boost/1.72.0/include"/>
				</Compiler>
				<MakeCommands>
					<Build command="/usr/bin/make -f &quot;/Users/bytedance/CLionProjects/typed-scheme/Makefile&quot;  VERBOSE=1 main"/>
					<CompileFile command="/usr/bin/make -f &quot;/Users/bytedance/CLionProjects/typed-scheme/Makefile&quot;  VERBOSE=1 &quot;$file&quot;"/>
					<Clean command="/usr/bin/make -f &quot;/Users/bytedance/CLionProjects/typed-scheme/Makefile&quot;  VERBOSE=1 clean"/>
					<DistClean command="/usr/bin/make -f &quot;/Users/bytedance/CLionProjects/typed-scheme/Makefile&quot;  VERBOSE=1 clean"/>
				</MakeCommands>
			</Target>
			<Target title="main/fast">
				<Option output="/Users/bytedance/CLionProjects/typed-scheme/main" prefix_auto="0" extension_auto="0"/>
				<Option working_dir="/Users/bytedance/CLionProjects/typed-scheme"/>
				<Option object_output="./"/>
				<Option type="1"/>
				<Option compiler="gcc"/>
				<Compiler>
					<Add directory="/usr/local/Cellar/boost/1.72.0/include"/>
				</Compiler>
				<MakeCommands>
					<Build command="/usr/bin/make -f &quot;/Users/bytedance/CLionProjects/typed-scheme/Makefile&quot;  VERBOSE=1 main/fast"/>
					<CompileFile command="/usr/bin/make -f &quot;/Users/bytedance/CLionProjects/typed-scheme/Makefile&quot;  VERBOSE=1 &quot;$file&quot;"/>
					<Clean command="/usr/bin/make -f &quot;/Users/bytedance/CLionProjects/typed-scheme/Makefile&quot;  VERBOSE=1 clean"/>
					<DistClean command="/usr/bin/make -f &quot;/Users/bytedance/CLionProjects/typed-scheme/Makefile&quot;  VERBOSE=1 clean"/>
				</MakeCommands>
			</Target>
		</Build>
		<Unit filename="/Users/bytedance/CLionProjects/typed-scheme/lib/Analyser.hpp">
			<Option target="main"/>
		</Unit>
		<Unit filename="/Users/bytedance/CLionProjects/typed-scheme/lib/Compiler.hpp">
			<Option target="main"/>
		</Unit>
		<Unit filename="/Users/bytedance/CLionProjects/typed-scheme/lib/Heap.hpp">
			<Option target="main"/>
		</Unit>
		<Unit filename="/Users/bytedance/CLionProjects/typed-scheme/lib/Parser.hpp">
			<Option target="main"/>
		</Unit>
		<Unit filename="/Users/bytedance/CLionProjects/typed-scheme/main.cpp">
			<Option target="typed_scheme"/>
			<Option target="main"/>
		</Unit>
		<Unit filename="/Users/bytedance/CLionProjects/typed-scheme/CMakeLists.txt">
			<Option virtualFolder="CMake Files\"/>
		</Unit>
	</Project>
</CodeBlocks_project_file>
